
Microsoft Visual Studio Solution File, Format Version 12.00
# Visual Studio Version 17
VisualStudioVersion = 17.6.33723.286
MinimumVisualStudioVersion = 10.0.40219.1
Project("{FAE04EC0-301F-11D3-BF4B-00C04F79EFBC}") = "GitHubDemoApp", "GitHubDemoApp\GitHubDemoApp.csproj", "{C7B7094D-C5A9-4408-AC26-25C55F3C31CA}"
EndProject
Global
	GlobalSection(SolutionConfigurationPlatforms) = preSolution
		Debug|Any CPU = Debug|Any CPU
		Release|Any CPU = Release|Any CPU
	EndGlobalSection
	GlobalSection(ProjectConfigurationPlatforms) = postSolution
		{C7B7094D-C5A9-4408-AC26-25C55F3C31CA}.Debug|Any CPU.ActiveCfg = Debug|Any CPU
		{C7B7094D-C5A9-4408-AC26-25C55F3C31CA}.Debug|Any CPU.Build.0 = Debug|Any CPU
		{C7B7094D-C5A9-4408-AC26-25C55F3C31CA}.Release|Any CPU.ActiveCfg = Release|Any CPU
		{C7B7094D-C5A9-4408-AC26-25C55F3C31CA}.Release|Any CPU.Build.0 = Release|Any CPU
	EndGlobalSection
	GlobalSection(SolutionProperties) = preSolution
		HideSolutionNode = FALSE
	EndGlobalSection
	GlobalSection(ExtensibilityGlobals) = postSolution
		SolutionGuid = {9FB1BC86-D37B-4D93-AB60-018AC022A254}
	EndGlobalSection
EndGlobal
